schema: '2.0'
stages:
  extract:
    cmd: python data_engineering/load_data.py --output_dir data/raw --start_date 2016-01-01
    deps:
    - path: data_engineering/load_data.py
      hash: md5
      md5: af2fef8ed9e50e501381206a292d3205
      size: 3808
    params:
      params.yaml:
        start_date: '2016-01-01'
    outs:
    - path: data/raw
      hash: md5
      md5: 929ea076eab2d85782abd3af22e396c2.dir
      size: 740214
      nfiles: 4
  transform:
    cmd: python data_engineering/prepare_data.py --input_dir data/raw --output_dir
      data/prepared --sequence_length 1000 --prediction_horizon 1
    deps:
    - path: data/raw
      hash: md5
      md5: 929ea076eab2d85782abd3af22e396c2.dir
      size: 740214
      nfiles: 4
    - path: data_engineering/prepare_data.py
      hash: md5
      md5: b98cf6cda363167c9135f06111a8a1c2
      size: 6949
    params:
      params.yaml:
        prediction_horizon: 1
        sequence_length: 1000
    outs:
    - path: data/prepared
      hash: md5
      md5: ba47468e344d70d3396b3894cc383328.dir
      size: 614973
      nfiles: 4
    - path: data/test
      hash: md5
      md5: 9abf6be37d905c3bb2c6cda4417efbf2.dir
      size: 154379
      nfiles: 4
