schema: '2.0'
stages:
  extract:
    cmd: python data_engineering/load_data.py --output_dir data/raw --start_date 2016-01-01
    deps:
    - path: data_engineering/load_data.py
      hash: md5
      md5: af2fef8ed9e50e501381206a292d3205
      size: 3808
    params:
      params.yaml:
        start_date: '2016-01-01'
    outs:
    - path: data/raw
      hash: md5
      md5: 929ea076eab2d85782abd3af22e396c2.dir
      size: 740214
      nfiles: 4
  transform:
    cmd: python data_engineering/prepare_data.py --input_dir data/raw --output_dir
      data/prepared --sequence_length 1000 --prediction_horizon 1
    deps:
    - path: data/raw
      hash: md5
      md5: 929ea076eab2d85782abd3af22e396c2.dir
      size: 740214
      nfiles: 4
    - path: data_engineering/prepare_data.py
      hash: md5
      md5: 1248d912c5ec63cab2745688c29b2ebc
      size: 6477
    params:
      params.yaml:
        prediction_horizon: 1
        sequence_length: 1000
    outs:
    - path: data/prepared
      hash: md5
      md5: c4f7c997ba736350e413d70780df2bf7.dir
      size: 768960
      nfiles: 4
